
Microsoft Visual Studio Solution File, Format Version 12.00
# Visual Studio Version 17
VisualStudioVersion = 17.8.34330.188
MinimumVisualStudioVersion = 10.0.40219.1
Project("{FAE04EC0-301F-11D3-BF4B-00C04F79EFBC}") = "Messenger", "Messenger\Messenger.csproj", "{C8E3BD00-24A9-49D4-BCE8-84D010D5F499}"
EndProject
Global
	GlobalSection(SolutionConfigurationPlatforms) = preSolution
		Debug|Any CPU = Debug|Any CPU
		Release|Any CPU = Release|Any CPU
	EndGlobalSection
	GlobalSection(ProjectConfigurationPlatforms) = postSolution
		{C8E3BD00-24A9-49D4-BCE8-84D010D5F499}.Debug|Any CPU.ActiveCfg = Debug|Any CPU
		{C8E3BD00-24A9-49D4-BCE8-84D010D5F499}.Debug|Any CPU.Build.0 = Debug|Any CPU
		{C8E3BD00-24A9-49D4-BCE8-84D010D5F499}.Release|Any CPU.ActiveCfg = Release|Any CPU
		{C8E3BD00-24A9-49D4-BCE8-84D010D5F499}.Release|Any CPU.Build.0 = Release|Any CPU
	EndGlobalSection
	GlobalSection(SolutionProperties) = preSolution
		HideSolutionNode = FALSE
	EndGlobalSection
	GlobalSection(ExtensibilityGlobals) = postSolution
		SolutionGuid = {215BAB60-BD19-45A2-9A07-2891AAFE8EAC}
	EndGlobalSection
EndGlobal
